
Microsoft Visual Studio Solution File, Format Version 12.00
# Visual Studio Version 16
VisualStudioVersion = 16.0.31019.35
MinimumVisualStudioVersion = 10.0.40219.1
Project("{9A19103F-16F7-4668-BE54-9A1E7A4F7556}") = "MatematikaKalkulator", "MatematikaKalkulator\MatematikaKalkulator.csproj", "{E6AB5B34-66B9-41F4-A5EC-AA7CE0DE3368}"
EndProject
Project("{FAE04EC0-301F-11D3-BF4B-00C04F79EFBC}") = "MatematikaKalkulatorTests", "MatematikaKalkulatorTests\MatematikaKalkulatorTests.csproj", "{92C3B68E-73E2-4A1E-888F-B70B712888E2}"
EndProject
Global
	GlobalSection(SolutionConfigurationPlatforms) = preSolution
		Debug|Any CPU = Debug|Any CPU
		Release|Any CPU = Release|Any CPU
	EndGlobalSection
	GlobalSection(ProjectConfigurationPlatforms) = postSolution
		{E6AB5B34-66B9-41F4-A5EC-AA7CE0DE3368}.Debug|Any CPU.ActiveCfg = Debug|Any CPU
		{E6AB5B34-66B9-41F4-A5EC-AA7CE0DE3368}.Debug|Any CPU.Build.0 = Debug|Any CPU
		{E6AB5B34-66B9-41F4-A5EC-AA7CE0DE3368}.Release|Any CPU.ActiveCfg = Release|Any CPU
		{E6AB5B34-66B9-41F4-A5EC-AA7CE0DE3368}.Release|Any CPU.Build.0 = Release|Any CPU
		{92C3B68E-73E2-4A1E-888F-B70B712888E2}.Debug|Any CPU.ActiveCfg = Debug|Any CPU
		{92C3B68E-73E2-4A1E-888F-B70B712888E2}.Debug|Any CPU.Build.0 = Debug|Any CPU
		{92C3B68E-73E2-4A1E-888F-B70B712888E2}.Release|Any CPU.ActiveCfg = Release|Any CPU
		{92C3B68E-73E2-4A1E-888F-B70B712888E2}.Release|Any CPU.Build.0 = Release|Any CPU
	EndGlobalSection
	GlobalSection(SolutionProperties) = preSolution
		HideSolutionNode = FALSE
	EndGlobalSection
	GlobalSection(ExtensibilityGlobals) = postSolution
		SolutionGuid = {D8D9C6CE-3FDB-4209-90E2-9F144209871E}
	EndGlobalSection
EndGlobal
